// !$*UTF8*$!
{
	archiveVersion = 1;
	classes = {
	};
	objectVersion = 55;
	objects = {

/* Begin PBXBuildFile section */
		5C99EEF9AFEDD18EAC113A88 /* libPods-FBU_InstagramUITests.a in Frameworks */ = {isa = PBXBuildFile; fileRef = E19EF225350B04527541C37E /* libPods-FBU_InstagramUITests.a */; };
		6993E9EC286A623E0021E6E7 /* HomeFeedViewController.m in Sources */ = {isa = PBXBuildFile; fileRef = 6993E9EB286A623E0021E6E7 /* HomeFeedViewController.m */; };
		69F088F3286A48B600DB983D /* AppDelegate.m in Sources */ = {isa = PBXBuildFile; fileRef = 69F088F2286A48B600DB983D /* AppDelegate.m */; };
		69F088F6286A48B600DB983D /* SceneDelegate.m in Sources */ = {isa = PBXBuildFile; fileRef = 69F088F5286A48B600DB983D /* SceneDelegate.m */; };
		69F088FC286A48B600DB983D /* Main.storyboard in Resources */ = {isa = PBXBuildFile; fileRef = 69F088FA286A48B600DB983D /* Main.storyboard */; };
		69F088FE286A48B700DB983D /* Assets.xcassets in Resources */ = {isa = PBXBuildFile; fileRef = 69F088FD286A48B700DB983D /* Assets.xcassets */; };
		69F08901286A48B700DB983D /* LaunchScreen.storyboard in Resources */ = {isa = PBXBuildFile; fileRef = 69F088FF286A48B700DB983D /* LaunchScreen.storyboard */; };
		69F08904286A48B700DB983D /* main.m in Sources */ = {isa = PBXBuildFile; fileRef = 69F08903286A48B700DB983D /* main.m */; };
		69F0890E286A48B800DB983D /* FBU_InstagramTests.m in Sources */ = {isa = PBXBuildFile; fileRef = 69F0890D286A48B800DB983D /* FBU_InstagramTests.m */; };
		69F08918286A48B800DB983D /* FBU_InstagramUITests.m in Sources */ = {isa = PBXBuildFile; fileRef = 69F08917286A48B800DB983D /* FBU_InstagramUITests.m */; };
		69F0891A286A48B800DB983D /* FBU_InstagramUITestsLaunchTests.m in Sources */ = {isa = PBXBuildFile; fileRef = 69F08919286A48B800DB983D /* FBU_InstagramUITestsLaunchTests.m */; };
		69F08928286A5DA200DB983D /* LoginViewController.m in Sources */ = {isa = PBXBuildFile; fileRef = 69F08927286A5DA200DB983D /* LoginViewController.m */; };
		78EC9445C520F59C8660792C /* libPods-FBU_Instagram.a in Frameworks */ = {isa = PBXBuildFile; fileRef = 998855EAFB50147B9AF7DE70 /* libPods-FBU_Instagram.a */; };
		EC1D6FE67FD304DC5BB6E562 /* libPods-FBU_InstagramTests.a in Frameworks */ = {isa = PBXBuildFile; fileRef = 85E118A1EAB2A6D55BAD4E71 /* libPods-FBU_InstagramTests.a */; };
/* End PBXBuildFile section */

/* Begin PBXContainerItemProxy section */
		69F0890A286A48B800DB983D /* PBXContainerItemProxy */ = {
			isa = PBXContainerItemProxy;
			containerPortal = 69F088E6286A48B600DB983D /* Project object */;
			proxyType = 1;
			remoteGlobalIDString = 69F088ED286A48B600DB983D;
			remoteInfo = FBU_Instagram;
		};
		69F08914286A48B800DB983D /* PBXContainerItemProxy */ = {
			isa = PBXContainerItemProxy;
			containerPortal = 69F088E6286A48B600DB983D /* Project object */;
			proxyType = 1;
			remoteGlobalIDString = 69F088ED286A48B600DB983D;
			remoteInfo = FBU_Instagram;
		};
/* End PBXContainerItemProxy section */

/* Begin PBXFileReference section */
		39522955C80789E6E8FEEBE5 /* Pods-FBU_Instagram.debug.xcconfig */ = {isa = PBXFileReference; includeInIndex = 1; lastKnownFileType = text.xcconfig; name = "Pods-FBU_Instagram.debug.xcconfig"; path = "Pods/Target Support Files/Pods-FBU_Instagram/Pods-FBU_Instagram.debug.xcconfig"; sourceTree = "<group>"; };
		3CEACBDC40002B3636A0E3E4 /* Pods-FBU_Instagram.release.xcconfig */ = {isa = PBXFileReference; includeInIndex = 1; lastKnownFileType = text.xcconfig; name = "Pods-FBU_Instagram.release.xcconfig"; path = "Pods/Target Support Files/Pods-FBU_Instagram/Pods-FBU_Instagram.release.xcconfig"; sourceTree = "<group>"; };
		3E84C5576A45E071320FEA6A /* Pods-FBU_InstagramUITests.debug.xcconfig */ = {isa = PBXFileReference; includeInIndex = 1; lastKnownFileType = text.xcconfig; name = "Pods-FBU_InstagramUITests.debug.xcconfig"; path = "Pods/Target Support Files/Pods-FBU_InstagramUITests/Pods-FBU_InstagramUITests.debug.xcconfig"; sourceTree = "<group>"; };
		4C1C3F72ECE978435575DC28 /* Pods-FBU_InstagramUITests.release.xcconfig */ = {isa = PBXFileReference; includeInIndex = 1; lastKnownFileType = text.xcconfig; name = "Pods-FBU_InstagramUITests.release.xcconfig"; path = "Pods/Target Support Files/Pods-FBU_InstagramUITests/Pods-FBU_InstagramUITests.release.xcconfig"; sourceTree = "<group>"; };
		5CFBEC961A1C6729D2B394F8 /* Pods-FBU_InstagramTests.release.xcconfig */ = {isa = PBXFileReference; includeInIndex = 1; lastKnownFileType = text.xcconfig; name = "Pods-FBU_InstagramTests.release.xcconfig"; path = "Pods/Target Support Files/Pods-FBU_InstagramTests/Pods-FBU_InstagramTests.release.xcconfig"; sourceTree = "<group>"; };
		65A9EBC2C7374452B3797C63 /* Pods-FBU_InstagramTests.debug.xcconfig */ = {isa = PBXFileReference; includeInIndex = 1; lastKnownFileType = text.xcconfig; name = "Pods-FBU_InstagramTests.debug.xcconfig"; path = "Pods/Target Support Files/Pods-FBU_InstagramTests/Pods-FBU_InstagramTests.debug.xcconfig"; sourceTree = "<group>"; };
		6993E9EA286A623E0021E6E7 /* HomeFeedViewController.h */ = {isa = PBXFileReference; lastKnownFileType = sourcecode.c.h; path = HomeFeedViewController.h; sourceTree = "<group>"; };
		6993E9EB286A623E0021E6E7 /* HomeFeedViewController.m */ = {isa = PBXFileReference; lastKnownFileType = sourcecode.c.objc; path = HomeFeedViewController.m; sourceTree = "<group>"; };
		69F088EE286A48B600DB983D /* FBU_Instagram.app */ = {isa = PBXFileReference; explicitFileType = wrapper.application; includeInIndex = 0; path = FBU_Instagram.app; sourceTree = BUILT_PRODUCTS_DIR; };
		69F088F1286A48B600DB983D /* AppDelegate.h */ = {isa = PBXFileReference; lastKnownFileType = sourcecode.c.h; path = AppDelegate.h; sourceTree = "<group>"; };
		69F088F2286A48B600DB983D /* AppDelegate.m */ = {isa = PBXFileReference; lastKnownFileType = sourcecode.c.objc; path = AppDelegate.m; sourceTree = "<group>"; };
		69F088F4286A48B600DB983D /* SceneDelegate.h */ = {isa = PBXFileReference; lastKnownFileType = sourcecode.c.h; path = SceneDelegate.h; sourceTree = "<group>"; };
		69F088F5286A48B600DB983D /* SceneDelegate.m */ = {isa = PBXFileReference; lastKnownFileType = sourcecode.c.objc; path = SceneDelegate.m; sourceTree = "<group>"; };
		69F088FB286A48B600DB983D /* Base */ = {isa = PBXFileReference; lastKnownFileType = file.storyboard; name = Base; path = Base.lproj/Main.storyboard; sourceTree = "<group>"; };
		69F088FD286A48B700DB983D /* Assets.xcassets */ = {isa = PBXFileReference; lastKnownFileType = folder.assetcatalog; path = Assets.xcassets; sourceTree = "<group>"; };
		69F08900286A48B700DB983D /* Base */ = {isa = PBXFileReference; lastKnownFileType = file.storyboard; name = Base; path = Base.lproj/LaunchScreen.storyboard; sourceTree = "<group>"; };
		69F08902286A48B700DB983D /* Info.plist */ = {isa = PBXFileReference; lastKnownFileType = text.plist.xml; path = Info.plist; sourceTree = "<group>"; };
		69F08903286A48B700DB983D /* main.m */ = {isa = PBXFileReference; lastKnownFileType = sourcecode.c.objc; path = main.m; sourceTree = "<group>"; };
		69F08909286A48B800DB983D /* FBU_InstagramTests.xctest */ = {isa = PBXFileReference; explicitFileType = wrapper.cfbundle; includeInIndex = 0; path = FBU_InstagramTests.xctest; sourceTree = BUILT_PRODUCTS_DIR; };
		69F0890D286A48B800DB983D /* FBU_InstagramTests.m */ = {isa = PBXFileReference; lastKnownFileType = sourcecode.c.objc; path = FBU_InstagramTests.m; sourceTree = "<group>"; };
		69F08913286A48B800DB983D /* FBU_InstagramUITests.xctest */ = {isa = PBXFileReference; explicitFileType = wrapper.cfbundle; includeInIndex = 0; path = FBU_InstagramUITests.xctest; sourceTree = BUILT_PRODUCTS_DIR; };
		69F08917286A48B800DB983D /* FBU_InstagramUITests.m */ = {isa = PBXFileReference; lastKnownFileType = sourcecode.c.objc; path = FBU_InstagramUITests.m; sourceTree = "<group>"; };
		69F08919286A48B800DB983D /* FBU_InstagramUITestsLaunchTests.m */ = {isa = PBXFileReference; lastKnownFileType = sourcecode.c.objc; path = FBU_InstagramUITestsLaunchTests.m; sourceTree = "<group>"; };
		69F08926286A5DA200DB983D /* LoginViewController.h */ = {isa = PBXFileReference; lastKnownFileType = sourcecode.c.h; path = LoginViewController.h; sourceTree = "<group>"; };
		69F08927286A5DA200DB983D /* LoginViewController.m */ = {isa = PBXFileReference; lastKnownFileType = sourcecode.c.objc; path = LoginViewController.m; sourceTree = "<group>"; };
		85E118A1EAB2A6D55BAD4E71 /* libPods-FBU_InstagramTests.a */ = {isa = PBXFileReference; explicitFileType = archive.ar; includeInIndex = 0; path = "libPods-FBU_InstagramTests.a"; sourceTree = BUILT_PRODUCTS_DIR; };
		998855EAFB50147B9AF7DE70 /* libPods-FBU_Instagram.a */ = {isa = PBXFileReference; explicitFileType = archive.ar; includeInIndex = 0; path = "libPods-FBU_Instagram.a"; sourceTree = BUILT_PRODUCTS_DIR; };
		E19EF225350B04527541C37E /* libPods-FBU_InstagramUITests.a */ = {isa = PBXFileReference; explicitFileType = archive.ar; includeInIndex = 0; path = "libPods-FBU_InstagramUITests.a"; sourceTree = BUILT_PRODUCTS_DIR; };
/* End PBXFileReference section */

/* Begin PBXFrameworksBuildPhase section */
		69F088EB286A48B600DB983D /* Frameworks */ = {
			isa = PBXFrameworksBuildPhase;
			buildActionMask = 2147483647;
			files = (
				78EC9445C520F59C8660792C /* libPods-FBU_Instagram.a in Frameworks */,
			);
			runOnlyForDeploymentPostprocessing = 0;
		};
		69F08906286A48B800DB983D /* Frameworks */ = {
			isa = PBXFrameworksBuildPhase;
			buildActionMask = 2147483647;
			files = (
				EC1D6FE67FD304DC5BB6E562 /* libPods-FBU_InstagramTests.a in Frameworks */,
			);
			runOnlyForDeploymentPostprocessing = 0;
		};
		69F08910286A48B800DB983D /* Frameworks */ = {
			isa = PBXFrameworksBuildPhase;
			buildActionMask = 2147483647;
			files = (
				5C99EEF9AFEDD18EAC113A88 /* libPods-FBU_InstagramUITests.a in Frameworks */,
			);
			runOnlyForDeploymentPostprocessing = 0;
		};
/* End PBXFrameworksBuildPhase section */

/* Begin PBXGroup section */
		23305D6E067E9CF7750ED3C2 /* Frameworks */ = {
			isa = PBXGroup;
			children = (
				998855EAFB50147B9AF7DE70 /* libPods-FBU_Instagram.a */,
				85E118A1EAB2A6D55BAD4E71 /* libPods-FBU_InstagramTests.a */,
				E19EF225350B04527541C37E /* libPods-FBU_InstagramUITests.a */,
			);
			name = Frameworks;
			sourceTree = "<group>";
		};
		6993E9ED286A624E0021E6E7 /* View Controllers */ = {
			isa = PBXGroup;
			children = (
				69F08926286A5DA200DB983D /* LoginViewController.h */,
				69F08927286A5DA200DB983D /* LoginViewController.m */,
				6993E9EA286A623E0021E6E7 /* HomeFeedViewController.h */,
				6993E9EB286A623E0021E6E7 /* HomeFeedViewController.m */,
			);
			path = "View Controllers";
			sourceTree = "<group>";
		};
		6993E9EE286A626B0021E6E7 /* Delegates */ = {
			isa = PBXGroup;
			children = (
				69F088F1286A48B600DB983D /* AppDelegate.h */,
				69F088F2286A48B600DB983D /* AppDelegate.m */,
				69F088F4286A48B600DB983D /* SceneDelegate.h */,
				69F088F5286A48B600DB983D /* SceneDelegate.m */,
			);
			path = Delegates;
			sourceTree = "<group>";
		};
		69F088E5286A48B600DB983D = {
			isa = PBXGroup;
			children = (
				69F088F0286A48B600DB983D /* FBU_Instagram */,
				69F0890C286A48B800DB983D /* FBU_InstagramTests */,
				69F08916286A48B800DB983D /* FBU_InstagramUITests */,
				69F088EF286A48B600DB983D /* Products */,
				CEA81A2F6818A401CCB7CC6F /* Pods */,
				23305D6E067E9CF7750ED3C2 /* Frameworks */,
			);
			sourceTree = "<group>";
		};
		69F088EF286A48B600DB983D /* Products */ = {
			isa = PBXGroup;
			children = (
				69F088EE286A48B600DB983D /* FBU_Instagram.app */,
				69F08909286A48B800DB983D /* FBU_InstagramTests.xctest */,
				69F08913286A48B800DB983D /* FBU_InstagramUITests.xctest */,
			);
			name = Products;
			sourceTree = "<group>";
		};
		69F088F0286A48B600DB983D /* FBU_Instagram */ = {
			isa = PBXGroup;
			children = (
				69F088FA286A48B600DB983D /* Main.storyboard */,
				6993E9EE286A626B0021E6E7 /* Delegates */,
				6993E9ED286A624E0021E6E7 /* View Controllers */,
				69F088FD286A48B700DB983D /* Assets.xcassets */,
				69F088FF286A48B700DB983D /* LaunchScreen.storyboard */,
				69F08902286A48B700DB983D /* Info.plist */,
				69F08903286A48B700DB983D /* main.m */,
			);
			path = FBU_Instagram;
			sourceTree = "<group>";
		};
		69F0890C286A48B800DB983D /* FBU_InstagramTests */ = {
			isa = PBXGroup;
			children = (
				69F0890D286A48B800DB983D /* FBU_InstagramTests.m */,
			);
			path = FBU_InstagramTests;
			sourceTree = "<group>";
		};
		69F08916286A48B800DB983D /* FBU_InstagramUITests */ = {
			isa = PBXGroup;
			children = (
				69F08917286A48B800DB983D /* FBU_InstagramUITests.m */,
				69F08919286A48B800DB983D /* FBU_InstagramUITestsLaunchTests.m */,
			);
			path = FBU_InstagramUITests;
			sourceTree = "<group>";
		};
		CEA81A2F6818A401CCB7CC6F /* Pods */ = {
			isa = PBXGroup;
			children = (
				39522955C80789E6E8FEEBE5 /* Pods-FBU_Instagram.debug.xcconfig */,
				3CEACBDC40002B3636A0E3E4 /* Pods-FBU_Instagram.release.xcconfig */,
				65A9EBC2C7374452B3797C63 /* Pods-FBU_InstagramTests.debug.xcconfig */,
				5CFBEC961A1C6729D2B394F8 /* Pods-FBU_InstagramTests.release.xcconfig */,
				3E84C5576A45E071320FEA6A /* Pods-FBU_InstagramUITests.debug.xcconfig */,
				4C1C3F72ECE978435575DC28 /* Pods-FBU_InstagramUITests.release.xcconfig */,
			);
			name = Pods;
			sourceTree = "<group>";
		};
/* End PBXGroup section */

/* Begin PBXNativeTarget section */
		69F088ED286A48B600DB983D /* FBU_Instagram */ = {
			isa = PBXNativeTarget;
			buildConfigurationList = 69F0891D286A48B800DB983D /* Build configuration list for PBXNativeTarget "FBU_Instagram" */;
			buildPhases = (
				FBDDA384C4380E61AF9391E5 /* [CP] Check Pods Manifest.lock */,
				69F088EA286A48B600DB983D /* Sources */,
				69F088EB286A48B600DB983D /* Frameworks */,
				69F088EC286A48B600DB983D /* Resources */,
				4B53454EAE09ED915397614B /* [CP] Copy Pods Resources */,
			);
			buildRules = (
			);
			dependencies = (
			);
			name = FBU_Instagram;
			productName = FBU_Instagram;
			productReference = 69F088EE286A48B600DB983D /* FBU_Instagram.app */;
			productType = "com.apple.product-type.application";
		};
		69F08908286A48B800DB983D /* FBU_InstagramTests */ = {
			isa = PBXNativeTarget;
			buildConfigurationList = 69F08920286A48B800DB983D /* Build configuration list for PBXNativeTarget "FBU_InstagramTests" */;
			buildPhases = (
				FC89120C326273456E5CA7C5 /* [CP] Check Pods Manifest.lock */,
				69F08905286A48B800DB983D /* Sources */,
				69F08906286A48B800DB983D /* Frameworks */,
				69F08907286A48B800DB983D /* Resources */,
			);
			buildRules = (
			);
			dependencies = (
				69F0890B286A48B800DB983D /* PBXTargetDependency */,
			);
			name = FBU_InstagramTests;
			productName = FBU_InstagramTests;
			productReference = 69F08909286A48B800DB983D /* FBU_InstagramTests.xctest */;
			productType = "com.apple.product-type.bundle.unit-test";
		};
		69F08912286A48B800DB983D /* FBU_InstagramUITests */ = {
			isa = PBXNativeTarget;
			buildConfigurationList = 69F08923286A48B800DB983D /* Build configuration list for PBXNativeTarget "FBU_InstagramUITests" */;
			buildPhases = (
				F43C09EC88E6F3D2C3A9D1D6 /* [CP] Check Pods Manifest.lock */,
				69F0890F286A48B800DB983D /* Sources */,
				69F08910286A48B800DB983D /* Frameworks */,
				69F08911286A48B800DB983D /* Resources */,
			);
			buildRules = (
			);
			dependencies = (
				69F08915286A48B800DB983D /* PBXTargetDependency */,
			);
			name = FBU_InstagramUITests;
			productName = FBU_InstagramUITests;
			productReference = 69F08913286A48B800DB983D /* FBU_InstagramUITests.xctest */;
			productType = "com.apple.product-type.bundle.ui-testing";
		};
/* End PBXNativeTarget section */

/* Begin PBXProject section */
		69F088E6286A48B600DB983D /* Project object */ = {
			isa = PBXProject;
			attributes = {
				LastUpgradeCheck = 1340;
				TargetAttributes = {
					69F088ED286A48B600DB983D = {
						CreatedOnToolsVersion = 13.4.1;
					};
					69F08908286A48B800DB983D = {
						CreatedOnToolsVersion = 13.4.1;
						TestTargetID = 69F088ED286A48B600DB983D;
					};
					69F08912286A48B800DB983D = {
						CreatedOnToolsVersion = 13.4.1;
						TestTargetID = 69F088ED286A48B600DB983D;
					};
				};
			};
			buildConfigurationList = 69F088E9286A48B600DB983D /* Build configuration list for PBXProject "FBU_Instagram" */;
			compatibilityVersion = "Xcode 13.0";
			developmentRegion = en;
			hasScannedForEncodings = 0;
			knownRegions = (
				en,
				Base,
			);
			mainGroup = 69F088E5286A48B600DB983D;
			productRefGroup = 69F088EF286A48B600DB983D /* Products */;
			projectDirPath = "";
			projectRoot = "";
			targets = (
				69F088ED286A48B600DB983D /* FBU_Instagram */,
				69F08908286A48B800DB983D /* FBU_InstagramTests */,
				69F08912286A48B800DB983D /* FBU_InstagramUITests */,
			);
		};
/* End PBXProject section */

/* Begin PBXResourcesBuildPhase section */
		69F088EC286A48B600DB983D /* Resources */ = {
			isa = PBXResourcesBuildPhase;
			buildActionMask = 2147483647;
			files = (
				69F08901286A48B700DB983D /* LaunchScreen.storyboard in Resources */,
				69F088FE286A48B700DB983D /* Assets.xcassets in Resources */,
				69F088FC286A48B600DB983D /* Main.storyboard in Resources */,
			);
			runOnlyForDeploymentPostprocessing = 0;
		};
		69F08907286A48B800DB983D /* Resources */ = {
			isa = PBXResourcesBuildPhase;
			buildActionMask = 2147483647;
			files = (
			);
			runOnlyForDeploymentPostprocessing = 0;
		};
		69F08911286A48B800DB983D /* Resources */ = {
			isa = PBXResourcesBuildPhase;
			buildActionMask = 2147483647;
			files = (
			);
			runOnlyForDeploymentPostprocessing = 0;
		};
/* End PBXResourcesBuildPhase section */

/* Begin PBXShellScriptBuildPhase section */
		4B53454EAE09ED915397614B /* [CP] Copy Pods Resources */ = {
			isa = PBXShellScriptBuildPhase;
			buildActionMask = 2147483647;
			files = (
			);
			inputPaths = (
				"${SRCROOT}/Pods/Target Support Files/Pods-FBU_Instagram/Pods-FBU_Instagram-resources.sh",
				"${PODS_CONFIGURATION_BUILD_DIR}/Parse/Parse.bundle",
			);
			name = "[CP] Copy Pods Resources";
			outputPaths = (
				"${TARGET_BUILD_DIR}/${UNLOCALIZED_RESOURCES_FOLDER_PATH}/Parse.bundle",
			);
			runOnlyForDeploymentPostprocessing = 0;
			shellPath = /bin/sh;
			shellScript = "\"${SRCROOT}/Pods/Target Support Files/Pods-FBU_Instagram/Pods-FBU_Instagram-resources.sh\"\n";
			showEnvVarsInLog = 0;
		};
		F43C09EC88E6F3D2C3A9D1D6 /* [CP] Check Pods Manifest.lock */ = {
			isa = PBXShellScriptBuildPhase;
			buildActionMask = 2147483647;
			files = (
			);
			inputPaths = (
				"${PODS_PODFILE_DIR_PATH}/Podfile.lock",
				"${PODS_ROOT}/Manifest.lock",
			);
			name = "[CP] Check Pods Manifest.lock";
			outputPaths = (
				"$(DERIVED_FILE_DIR)/Pods-FBU_InstagramUITests-checkManifestLockResult.txt",
			);
			runOnlyForDeploymentPostprocessing = 0;
			shellPath = /bin/sh;
			shellScript = "diff \"${PODS_PODFILE_DIR_PATH}/Podfile.lock\" \"${PODS_ROOT}/Manifest.lock\" > /dev/null\nif [ $? != 0 ] ; then\n    # print error to STDERR\n    echo \"error: The sandbox is not in sync with the Podfile.lock. Run 'pod install' or update your CocoaPods installation.\" >&2\n    exit 1\nfi\n# This output is used by Xcode 'outputs' to avoid re-running this script phase.\necho \"SUCCESS\" > \"${SCRIPT_OUTPUT_FILE_0}\"\n";
			showEnvVarsInLog = 0;
		};
		FBDDA384C4380E61AF9391E5 /* [CP] Check Pods Manifest.lock */ = {
			isa = PBXShellScriptBuildPhase;
			buildActionMask = 2147483647;
			files = (
			);
			inputPaths = (
				"${PODS_PODFILE_DIR_PATH}/Podfile.lock",
				"${PODS_ROOT}/Manifest.lock",
			);
			name = "[CP] Check Pods Manifest.lock";
			outputPaths = (
				"$(DERIVED_FILE_DIR)/Pods-FBU_Instagram-checkManifestLockResult.txt",
			);
			runOnlyForDeploymentPostprocessing = 0;
			shellPath = /bin/sh;
			shellScript = "diff \"${PODS_PODFILE_DIR_PATH}/Podfile.lock\" \"${PODS_ROOT}/Manifest.lock\" > /dev/null\nif [ $? != 0 ] ; then\n    # print error to STDERR\n    echo \"error: The sandbox is not in sync with the Podfile.lock. Run 'pod install' or update your CocoaPods installation.\" >&2\n    exit 1\nfi\n# This output is used by Xcode 'outputs' to avoid re-running this script phase.\necho \"SUCCESS\" > \"${SCRIPT_OUTPUT_FILE_0}\"\n";
			showEnvVarsInLog = 0;
		};
		FC89120C326273456E5CA7C5 /* [CP] Check Pods Manifest.lock */ = {
			isa = PBXShellScriptBuildPhase;
			buildActionMask = 2147483647;
			files = (
			);
			inputPaths = (
				"${PODS_PODFILE_DIR_PATH}/Podfile.lock",
				"${PODS_ROOT}/Manifest.lock",
			);
			name = "[CP] Check Pods Manifest.lock";
			outputPaths = (
				"$(DERIVED_FILE_DIR)/Pods-FBU_InstagramTests-checkManifestLockResult.txt",
			);
			runOnlyForDeploymentPostprocessing = 0;
			shellPath = /bin/sh;
			shellScript = "diff \"${PODS_PODFILE_DIR_PATH}/Podfile.lock\" \"${PODS_ROOT}/Manifest.lock\" > /dev/null\nif [ $? != 0 ] ; then\n    # print error to STDERR\n    echo \"error: The sandbox is not in sync with the Podfile.lock. Run 'pod install' or update your CocoaPods installation.\" >&2\n    exit 1\nfi\n# This output is used by Xcode 'outputs' to avoid re-running this script phase.\necho \"SUCCESS\" > \"${SCRIPT_OUTPUT_FILE_0}\"\n";
			showEnvVarsInLog = 0;
		};
/* End PBXShellScriptBuildPhase section */

/* Begin PBXSourcesBuildPhase section */
		69F088EA286A48B600DB983D /* Sources */ = {
			isa = PBXSourcesBuildPhase;
			buildActionMask = 2147483647;
			files = (
				6993E9EC286A623E0021E6E7 /* HomeFeedViewController.m in Sources */,
				69F08928286A5DA200DB983D /* LoginViewController.m in Sources */,
				69F088F3286A48B600DB983D /* AppDelegate.m in Sources */,
				69F08904286A48B700DB983D /* main.m in Sources */,
				69F088F6286A48B600DB983D /* SceneDelegate.m in Sources */,
			);
			runOnlyForDeploymentPostprocessing = 0;
		};
		69F08905286A48B800DB983D /* Sources */ = {
			isa = PBXSourcesBuildPhase;
			buildActionMask = 2147483647;
			files = (
				69F0890E286A48B800DB983D /* FBU_InstagramTests.m in Sources */,
			);
			runOnlyForDeploymentPostprocessing = 0;
		};
		69F0890F286A48B800DB983D /* Sources */ = {
			isa = PBXSourcesBuildPhase;
			buildActionMask = 2147483647;
			files = (
				69F08918286A48B800DB983D /* FBU_InstagramUITests.m in Sources */,
				69F0891A286A48B800DB983D /* FBU_InstagramUITestsLaunchTests.m in Sources */,
			);
			runOnlyForDeploymentPostprocessing = 0;
		};
/* End PBXSourcesBuildPhase section */

/* Begin PBXTargetDependency section */
		69F0890B286A48B800DB983D /* PBXTargetDependency */ = {
			isa = PBXTargetDependency;
			target = 69F088ED286A48B600DB983D /* FBU_Instagram */;
			targetProxy = 69F0890A286A48B800DB983D /* PBXContainerItemProxy */;
		};
		69F08915286A48B800DB983D /* PBXTargetDependency */ = {
			isa = PBXTargetDependency;
			target = 69F088ED286A48B600DB983D /* FBU_Instagram */;
			targetProxy = 69F08914286A48B800DB983D /* PBXContainerItemProxy */;
		};
/* End PBXTargetDependency section */

/* Begin PBXVariantGroup section */
		69F088FA286A48B600DB983D /* Main.storyboard */ = {
			isa = PBXVariantGroup;
			children = (
				69F088FB286A48B600DB983D /* Base */,
			);
			name = Main.storyboard;
			sourceTree = "<group>";
		};
		69F088FF286A48B700DB983D /* LaunchScreen.storyboard */ = {
			isa = PBXVariantGroup;
			children = (
				69F08900286A48B700DB983D /* Base */,
			);
			name = LaunchScreen.storyboard;
			sourceTree = "<group>";
		};
/* End PBXVariantGroup section */

/* Begin XCBuildConfiguration section */
		69F0891B286A48B800DB983D /* Debug */ = {
			isa = XCBuildConfiguration;
			buildSettings = {
				ALWAYS_SEARCH_USER_PATHS = NO;
				CLANG_ANALYZER_NONNULL = YES;
				CLANG_ANALYZER_NUMBER_OBJECT_CONVERSION = YES_AGGRESSIVE;
				CLANG_CXX_LANGUAGE_STANDARD = "gnu++17";
				CLANG_ENABLE_MODULES = YES;
				CLANG_ENABLE_OBJC_ARC = YES;
				CLANG_ENABLE_OBJC_WEAK = YES;
				CLANG_WARN_BLOCK_CAPTURE_AUTORELEASING = YES;
				CLANG_WARN_BOOL_CONVERSION = YES;
				CLANG_WARN_COMMA = YES;
				CLANG_WARN_CONSTANT_CONVERSION = YES;
				CLANG_WARN_DEPRECATED_OBJC_IMPLEMENTATIONS = YES;
				CLANG_WARN_DIRECT_OBJC_ISA_USAGE = YES_ERROR;
				CLANG_WARN_DOCUMENTATION_COMMENTS = YES;
				CLANG_WARN_EMPTY_BODY = YES;
				CLANG_WARN_ENUM_CONVERSION = YES;
				CLANG_WARN_INFINITE_RECURSION = YES;
				CLANG_WARN_INT_CONVERSION = YES;
				CLANG_WARN_NON_LITERAL_NULL_CONVERSION = YES;
				CLANG_WARN_OBJC_IMPLICIT_RETAIN_SELF = YES;
				CLANG_WARN_OBJC_LITERAL_CONVERSION = YES;
				CLANG_WARN_OBJC_ROOT_CLASS = YES_ERROR;
				CLANG_WARN_QUOTED_INCLUDE_IN_FRAMEWORK_HEADER = YES;
				CLANG_WARN_RANGE_LOOP_ANALYSIS = YES;
				CLANG_WARN_STRICT_PROTOTYPES = YES;
				CLANG_WARN_SUSPICIOUS_MOVE = YES;
				CLANG_WARN_UNGUARDED_AVAILABILITY = YES_AGGRESSIVE;
				CLANG_WARN_UNREACHABLE_CODE = YES;
				CLANG_WARN__DUPLICATE_METHOD_MATCH = YES;
				COPY_PHASE_STRIP = NO;
				DEBUG_INFORMATION_FORMAT = dwarf;
				ENABLE_STRICT_OBJC_MSGSEND = YES;
				ENABLE_TESTABILITY = YES;
				GCC_C_LANGUAGE_STANDARD = gnu11;
				GCC_DYNAMIC_NO_PIC = NO;
				GCC_NO_COMMON_BLOCKS = YES;
				GCC_OPTIMIZATION_LEVEL = 0;
				GCC_PREPROCESSOR_DEFINITIONS = (
					"DEBUG=1",
					"$(inherited)",
				);
				GCC_WARN_64_TO_32_BIT_CONVERSION = YES;
				GCC_WARN_ABOUT_RETURN_TYPE = YES_ERROR;
				GCC_WARN_UNDECLARED_SELECTOR = YES;
				GCC_WARN_UNINITIALIZED_AUTOS = YES_AGGRESSIVE;
				GCC_WARN_UNUSED_FUNCTION = YES;
				GCC_WARN_UNUSED_VARIABLE = YES;
				IPHONEOS_DEPLOYMENT_TARGET = 15.5;
				MTL_ENABLE_DEBUG_INFO = INCLUDE_SOURCE;
				MTL_FAST_MATH = YES;
				ONLY_ACTIVE_ARCH = YES;
				SDKROOT = iphoneos;
			};
			name = Debug;
		};
		69F0891C286A48B800DB983D /* Release */ = {
			isa = XCBuildConfiguration;
			buildSettings = {
				ALWAYS_SEARCH_USER_PATHS = NO;
				CLANG_ANALYZER_NONNULL = YES;
				CLANG_ANALYZER_NUMBER_OBJECT_CONVERSION = YES_AGGRESSIVE;
				CLANG_CXX_LANGUAGE_STANDARD = "gnu++17";
				CLANG_ENABLE_MODULES = YES;
				CLANG_ENABLE_OBJC_ARC = YES;
				CLANG_ENABLE_OBJC_WEAK = YES;
				CLANG_WARN_BLOCK_CAPTURE_AUTORELEASING = YES;
				CLANG_WARN_BOOL_CONVERSION = YES;
				CLANG_WARN_COMMA = YES;
				CLANG_WARN_CONSTANT_CONVERSION = YES;
				CLANG_WARN_DEPRECATED_OBJC_IMPLEMENTATIONS = YES;
				CLANG_WARN_DIRECT_OBJC_ISA_USAGE = YES_ERROR;
				CLANG_WARN_DOCUMENTATION_COMMENTS = YES;
				CLANG_WARN_EMPTY_BODY = YES;
				CLANG_WARN_ENUM_CONVERSION = YES;
				CLANG_WARN_INFINITE_RECURSION = YES;
				CLANG_WARN_INT_CONVERSION = YES;
				CLANG_WARN_NON_LITERAL_NULL_CONVERSION = YES;
				CLANG_WARN_OBJC_IMPLICIT_RETAIN_SELF = YES;
				CLANG_WARN_OBJC_LITERAL_CONVERSION = YES;
				CLANG_WARN_OBJC_ROOT_CLASS = YES_ERROR;
				CLANG_WARN_QUOTED_INCLUDE_IN_FRAMEWORK_HEADER = YES;
				CLANG_WARN_RANGE_LOOP_ANALYSIS = YES;
				CLANG_WARN_STRICT_PROTOTYPES = YES;
				CLANG_WARN_SUSPICIOUS_MOVE = YES;
				CLANG_WARN_UNGUARDED_AVAILABILITY = YES_AGGRESSIVE;
				CLANG_WARN_UNREACHABLE_CODE = YES;
				CLANG_WARN__DUPLICATE_METHOD_MATCH = YES;
				COPY_PHASE_STRIP = NO;
				DEBUG_INFORMATION_FORMAT = "dwarf-with-dsym";
				ENABLE_NS_ASSERTIONS = NO;
				ENABLE_STRICT_OBJC_MSGSEND = YES;
				GCC_C_LANGUAGE_STANDARD = gnu11;
				GCC_NO_COMMON_BLOCKS = YES;
				GCC_WARN_64_TO_32_BIT_CONVERSION = YES;
				GCC_WARN_ABOUT_RETURN_TYPE = YES_ERROR;
				GCC_WARN_UNDECLARED_SELECTOR = YES;
				GCC_WARN_UNINITIALIZED_AUTOS = YES_AGGRESSIVE;
				GCC_WARN_UNUSED_FUNCTION = YES;
				GCC_WARN_UNUSED_VARIABLE = YES;
				IPHONEOS_DEPLOYMENT_TARGET = 15.5;
				MTL_ENABLE_DEBUG_INFO = NO;
				MTL_FAST_MATH = YES;
				SDKROOT = iphoneos;
				VALIDATE_PRODUCT = YES;
			};
			name = Release;
		};
		69F0891E286A48B800DB983D /* Debug */ = {
			isa = XCBuildConfiguration;
			baseConfigurationReference = 39522955C80789E6E8FEEBE5 /* Pods-FBU_Instagram.debug.xcconfig */;
			buildSettings = {
				ASSETCATALOG_COMPILER_APPICON_NAME = AppIcon;
				ASSETCATALOG_COMPILER_GLOBAL_ACCENT_COLOR_NAME = AccentColor;
				CODE_SIGN_STYLE = Automatic;
				CURRENT_PROJECT_VERSION = 1;
				DEVELOPMENT_TEAM = TGXV9BWRL4;
				GENERATE_INFOPLIST_FILE = YES;
				INFOPLIST_FILE = FBU_Instagram/Info.plist;
				INFOPLIST_KEY_UIApplicationSupportsIndirectInputEvents = YES;
				INFOPLIST_KEY_UILaunchStoryboardName = LaunchScreen;
				INFOPLIST_KEY_UIMainStoryboardFile = Main;
				INFOPLIST_KEY_UISupportedInterfaceOrientations_iPad = "UIInterfaceOrientationPortrait UIInterfaceOrientationPortraitUpsideDown UIInterfaceOrientationLandscapeLeft UIInterfaceOrientationLandscapeRight";
				INFOPLIST_KEY_UISupportedInterfaceOrientations_iPhone = "UIInterfaceOrientationPortrait UIInterfaceOrientationLandscapeLeft UIInterfaceOrientationLandscapeRight";
				LD_RUNPATH_SEARCH_PATHS = (
					"$(inherited)",
					"@executable_path/Frameworks",
				);
				MARKETING_VERSION = 1.0;
				PRODUCT_BUNDLE_IDENTIFIER = "com.MaizeBooker.FBU-Instagram";
				PRODUCT_NAME = "$(TARGET_NAME)";
				SWIFT_EMIT_LOC_STRINGS = YES;
				TARGETED_DEVICE_FAMILY = "1,2";
			};
			name = Debug;
		};
		69F0891F286A48B800DB983D /* Release */ = {
			isa = XCBuildConfiguration;
			baseConfigurationReference = 3CEACBDC40002B3636A0E3E4 /* Pods-FBU_Instagram.release.xcconfig */;
			buildSettings = {
				ASSETCATALOG_COMPILER_APPICON_NAME = AppIcon;
				ASSETCATALOG_COMPILER_GLOBAL_ACCENT_COLOR_NAME = AccentColor;
				CODE_SIGN_STYLE = Automatic;
				CURRENT_PROJECT_VERSION = 1;
				DEVELOPMENT_TEAM = TGXV9BWRL4;
				GENERATE_INFOPLIST_FILE = YES;
				INFOPLIST_FILE = FBU_Instagram/Info.plist;
				INFOPLIST_KEY_UIApplicationSupportsIndirectInputEvents = YES;
				INFOPLIST_KEY_UILaunchStoryboardName = LaunchScreen;
				INFOPLIST_KEY_UIMainStoryboardFile = Main;
				INFOPLIST_KEY_UISupportedInterfaceOrientations_iPad = "UIInterfaceOrientationPortrait UIInterfaceOrientationPortraitUpsideDown UIInterfaceOrientationLandscapeLeft UIInterfaceOrientationLandscapeRight";
				INFOPLIST_KEY_UISupportedInterfaceOrientations_iPhone = "UIInterfaceOrientationPortrait UIInterfaceOrientationLandscapeLeft UIInterfaceOrientationLandscapeRight";
				LD_RUNPATH_SEARCH_PATHS = (
					"$(inherited)",
					"@executable_path/Frameworks",
				);
				MARKETING_VERSION = 1.0;
				PRODUCT_BUNDLE_IDENTIFIER = "com.MaizeBooker.FBU-Instagram";
				PRODUCT_NAME = "$(TARGET_NAME)";
				SWIFT_EMIT_LOC_STRINGS = YES;
				TARGETED_DEVICE_FAMILY = "1,2";
			};
			name = Release;
		};
		69F08921286A48B800DB983D /* Debug */ = {
			isa = XCBuildConfiguration;
			baseConfigurationReference = 65A9EBC2C7374452B3797C63 /* Pods-FBU_InstagramTests.debug.xcconfig */;
			buildSettings = {
				BUNDLE_LOADER = "$(TEST_HOST)";
				CODE_SIGN_STYLE = Automatic;
				CURRENT_PROJECT_VERSION = 1;
				DEVELOPMENT_TEAM = TGXV9BWRL4;
				GENERATE_INFOPLIST_FILE = YES;
				IPHONEOS_DEPLOYMENT_TARGET = 15.5;
				MARKETING_VERSION = 1.0;
				PRODUCT_BUNDLE_IDENTIFIER = "com.MaizeBooker.FBU-InstagramTests";
				PRODUCT_NAME = "$(TARGET_NAME)";
				SWIFT_EMIT_LOC_STRINGS = NO;
				TARGETED_DEVICE_FAMILY = "1,2";
				TEST_HOST = "$(BUILT_PRODUCTS_DIR)/FBU_Instagram.app/FBU_Instagram";
			};
			name = Debug;
		};
		69F08922286A48B800DB983D /* Release */ = {
			isa = XCBuildConfiguration;
			baseConfigurationReference = 5CFBEC961A1C6729D2B394F8 /* Pods-FBU_InstagramTests.release.xcconfig */;
			buildSettings = {
				BUNDLE_LOADER = "$(TEST_HOST)";
				CODE_SIGN_STYLE = Automatic;
				CURRENT_PROJECT_VERSION = 1;
				DEVELOPMENT_TEAM = TGXV9BWRL4;
				GENERATE_INFOPLIST_FILE = YES;
				IPHONEOS_DEPLOYMENT_TARGET = 15.5;
				MARKETING_VERSION = 1.0;
				PRODUCT_BUNDLE_IDENTIFIER = "com.MaizeBooker.FBU-InstagramTests";
				PRODUCT_NAME = "$(TARGET_NAME)";
				SWIFT_EMIT_LOC_STRINGS = NO;
				TARGETED_DEVICE_FAMILY = "1,2";
				TEST_HOST = "$(BUILT_PRODUCTS_DIR)/FBU_Instagram.app/FBU_Instagram";
			};
			name = Release;
		};
		69F08924286A48B800DB983D /* Debug */ = {
			isa = XCBuildConfiguration;
			baseConfigurationReference = 3E84C5576A45E071320FEA6A /* Pods-FBU_InstagramUITests.debug.xcconfig */;
			buildSettings = {
				CODE_SIGN_STYLE = Automatic;
				CURRENT_PROJECT_VERSION = 1;
				DEVELOPMENT_TEAM = TGXV9BWRL4;
				GENERATE_INFOPLIST_FILE = YES;
				MARKETING_VERSION = 1.0;
				PRODUCT_BUNDLE_IDENTIFIER = "com.MaizeBooker.FBU-InstagramUITests";
				PRODUCT_NAME = "$(TARGET_NAME)";
				SWIFT_EMIT_LOC_STRINGS = NO;
				TARGETED_DEVICE_FAMILY = "1,2";
				TEST_TARGET_NAME = FBU_Instagram;
			};
			name = Debug;
		};
		69F08925286A48B800DB983D /* Release */ = {
			isa = XCBuildConfiguration;
			baseConfigurationReference = 4C1C3F72ECE978435575DC28 /* Pods-FBU_InstagramUITests.release.xcconfig */;
			buildSettings = {
				CODE_SIGN_STYLE = Automatic;
				CURRENT_PROJECT_VERSION = 1;
				DEVELOPMENT_TEAM = TGXV9BWRL4;
				GENERATE_INFOPLIST_FILE = YES;
				MARKETING_VERSION = 1.0;
				PRODUCT_BUNDLE_IDENTIFIER = "com.MaizeBooker.FBU-InstagramUITests";
				PRODUCT_NAME = "$(TARGET_NAME)";
				SWIFT_EMIT_LOC_STRINGS = NO;
				TARGETED_DEVICE_FAMILY = "1,2";
				TEST_TARGET_NAME = FBU_Instagram;
			};
			name = Release;
		};
/* End XCBuildConfiguration section */

/* Begin XCConfigurationList section */
		69F088E9286A48B600DB983D /* Build configuration list for PBXProject "FBU_Instagram" */ = {
			isa = XCConfigurationList;
			buildConfigurations = (
				69F0891B286A48B800DB983D /* Debug */,
				69F0891C286A48B800DB983D /* Release */,
			);
			defaultConfigurationIsVisible = 0;
			defaultConfigurationName = Release;
		};
		69F0891D286A48B800DB983D /* Build configuration list for PBXNativeTarget "FBU_Instagram" */ = {
			isa = XCConfigurationList;
			buildConfigurations = (
				69F0891E286A48B800DB983D /* Debug */,
				69F0891F286A48B800DB983D /* Release */,
			);
			defaultConfigurationIsVisible = 0;
			defaultConfigurationName = Release;
		};
		69F08920286A48B800DB983D /* Build configuration list for PBXNativeTarget "FBU_InstagramTests" */ = {
			isa = XCConfigurationList;
			buildConfigurations = (
				69F08921286A48B800DB983D /* Debug */,
				69F08922286A48B800DB983D /* Release */,
			);
			defaultConfigurationIsVisible = 0;
			defaultConfigurationName = Release;
		};
		69F08923286A48B800DB983D /* Build configuration list for PBXNativeTarget "FBU_InstagramUITests" */ = {
			isa = XCConfigurationList;
			buildConfigurations = (
				69F08924286A48B800DB983D /* Debug */,
				69F08925286A48B800DB983D /* Release */,
			);
			defaultConfigurationIsVisible = 0;
			defaultConfigurationName = Release;
		};
/* End XCConfigurationList section */
	};
	rootObject = 69F088E6286A48B600DB983D /* Project object */;
}
